// !$*UTF8*$!
{
	archiveVersion = 1;
	classes = {
	};
	objectVersion = 46;
	objects = {

/* Begin PBXBuildFile section */
		4C35ADE11CD91D9200F6FEA0 /* DataModel.xcdatamodeld in Sources */ = {isa = PBXBuildFile; fileRef = 4C35ADDF1CD91D9200F6FEA0 /* DataModel.xcdatamodeld */; };
		4C35ADE81CDA80D600F6FEA0 /* Level1.plist in Resources */ = {isa = PBXBuildFile; fileRef = 4C35ADE71CDA80D600F6FEA0 /* Level1.plist */; };
		4C35ADEA1CDA820F00F6FEA0 /* Level.swift in Sources */ = {isa = PBXBuildFile; fileRef = 4C35ADE91CDA820F00F6FEA0 /* Level.swift */; };
		4C35ADEF1CDA866500F6FEA0 /* GameViewController.swift in Sources */ = {isa = PBXBuildFile; fileRef = 4C35ADEE1CDA866500F6FEA0 /* GameViewController.swift */; };
		4C35ADF21CDA885A00F6FEA0 /* GameController.swift in Sources */ = {isa = PBXBuildFile; fileRef = 4C35ADF11CDA885A00F6FEA0 /* GameController.swift */; };
		4C35ADF41CDA8BB900F6FEA0 /* Config.swift in Sources */ = {isa = PBXBuildFile; fileRef = 4C35ADF31CDA8BB900F6FEA0 /* Config.swift */; };
		4C35ADF71CDA98C800F6FEA0 /* TileView.swift in Sources */ = {isa = PBXBuildFile; fileRef = 4C35ADF61CDA98C800F6FEA0 /* TileView.swift */; };
		4C44D1EA1CDF5DCA006A0E6D /* ColorExtension.swift in Sources */ = {isa = PBXBuildFile; fileRef = 4C44D1E91CDF5DCA006A0E6D /* ColorExtension.swift */; };
		4C44D1EC1CDF637B006A0E6D /* TargetView.swift in Sources */ = {isa = PBXBuildFile; fileRef = 4C44D1EB1CDF637B006A0E6D /* TargetView.swift */; };
		4CC203EF1CD7C6500033FAA3 /* AppDelegate.swift in Sources */ = {isa = PBXBuildFile; fileRef = 4CC203EE1CD7C6500033FAA3 /* AppDelegate.swift */; };
		4CC203F41CD7C6500033FAA3 /* Main.storyboard in Resources */ = {isa = PBXBuildFile; fileRef = 4CC203F21CD7C6500033FAA3 /* Main.storyboard */; };
		4CC203F61CD7C6500033FAA3 /* Assets.xcassets in Resources */ = {isa = PBXBuildFile; fileRef = 4CC203F51CD7C6500033FAA3 /* Assets.xcassets */; };
		4CC204011CD7C6810033FAA3 /* nounlist.txt in Resources */ = {isa = PBXBuildFile; fileRef = 4CC204001CD7C6810033FAA3 /* nounlist.txt */; };
		4CC204031CD7E8530033FAA3 /* WelcomeScreenController.swift in Sources */ = {isa = PBXBuildFile; fileRef = 4CC204021CD7E8530033FAA3 /* WelcomeScreenController.swift */; };
/* End PBXBuildFile section */

/* Begin PBXFileReference section */
		4C35ADE01CD91D9200F6FEA0 /* DataModel.xcdatamodel */ = {isa = PBXFileReference; lastKnownFileType = wrapper.xcdatamodel; path = DataModel.xcdatamodel; sourceTree = "<group>"; };
		4C35ADE71CDA80D600F6FEA0 /* Level1.plist */ = {isa = PBXFileReference; fileEncoding = 4; lastKnownFileType = text.plist.xml; path = Level1.plist; sourceTree = "<group>"; };
		4C35ADE91CDA820F00F6FEA0 /* Level.swift */ = {isa = PBXFileReference; fileEncoding = 4; lastKnownFileType = sourcecode.swift; path = Level.swift; sourceTree = "<group>"; };
		4C35ADEE1CDA866500F6FEA0 /* GameViewController.swift */ = {isa = PBXFileReference; fileEncoding = 4; lastKnownFileType = sourcecode.swift; path = GameViewController.swift; sourceTree = "<group>"; };
		4C35ADF11CDA885A00F6FEA0 /* GameController.swift */ = {isa = PBXFileReference; fileEncoding = 4; lastKnownFileType = sourcecode.swift; path = GameController.swift; sourceTree = "<group>"; };
		4C35ADF31CDA8BB900F6FEA0 /* Config.swift */ = {isa = PBXFileReference; fileEncoding = 4; lastKnownFileType = sourcecode.swift; path = Config.swift; sourceTree = "<group>"; };
		4C35ADF61CDA98C800F6FEA0 /* TileView.swift */ = {isa = PBXFileReference; fileEncoding = 4; lastKnownFileType = sourcecode.swift; path = TileView.swift; sourceTree = "<group>"; };
		4C44D1E91CDF5DCA006A0E6D /* ColorExtension.swift */ = {isa = PBXFileReference; fileEncoding = 4; lastKnownFileType = sourcecode.swift; path = ColorExtension.swift; sourceTree = "<group>"; };
		4C44D1EB1CDF637B006A0E6D /* TargetView.swift */ = {isa = PBXFileReference; fileEncoding = 4; lastKnownFileType = sourcecode.swift; path = TargetView.swift; sourceTree = "<group>"; };
		4CC203EB1CD7C64F0033FAA3 /* scrabble-game.app */ = {isa = PBXFileReference; explicitFileType = wrapper.application; includeInIndex = 0; path = "scrabble-game.app"; sourceTree = BUILT_PRODUCTS_DIR; };
		4CC203EE1CD7C6500033FAA3 /* AppDelegate.swift */ = {isa = PBXFileReference; lastKnownFileType = sourcecode.swift; path = AppDelegate.swift; sourceTree = "<group>"; };
		4CC203F31CD7C6500033FAA3 /* Base */ = {isa = PBXFileReference; lastKnownFileType = file.storyboard; name = Base; path = Base.lproj/Main.storyboard; sourceTree = "<group>"; };
		4CC203F51CD7C6500033FAA3 /* Assets.xcassets */ = {isa = PBXFileReference; lastKnownFileType = folder.assetcatalog; path = Assets.xcassets; sourceTree = "<group>"; };
		4CC203FA1CD7C6500033FAA3 /* Info.plist */ = {isa = PBXFileReference; lastKnownFileType = text.plist.xml; path = Info.plist; sourceTree = "<group>"; };
		4CC204001CD7C6810033FAA3 /* nounlist.txt */ = {isa = PBXFileReference; fileEncoding = 4; lastKnownFileType = text; path = nounlist.txt; sourceTree = "<group>"; };
		4CC204021CD7E8530033FAA3 /* WelcomeScreenController.swift */ = {isa = PBXFileReference; fileEncoding = 4; lastKnownFileType = sourcecode.swift; path = WelcomeScreenController.swift; sourceTree = "<group>"; };
/* End PBXFileReference section */

/* Begin PBXFrameworksBuildPhase section */
		4CC203E81CD7C64F0033FAA3 /* Frameworks */ = {
			isa = PBXFrameworksBuildPhase;
			buildActionMask = 2147483647;
			files = (
			);
			runOnlyForDeploymentPostprocessing = 0;
		};
/* End PBXFrameworksBuildPhase section */

/* Begin PBXGroup section */
		4C35ADE41CDA7FE200F6FEA0 /* Models */ = {
			isa = PBXGroup;
			children = (
				4C35ADE91CDA820F00F6FEA0 /* Level.swift */,
			);
			name = Models;
			sourceTree = "<group>";
		};
		4C35ADEB1CDA825500F6FEA0 /* Levels */ = {
			isa = PBXGroup;
			children = (
				4C35ADE71CDA80D600F6FEA0 /* Level1.plist */,
			);
			name = Levels;
			sourceTree = "<group>";
		};
		4C35ADF01CDA884300F6FEA0 /* Controllers */ = {
			isa = PBXGroup;
			children = (
				4CC204021CD7E8530033FAA3 /* WelcomeScreenController.swift */,
				4C35ADEE1CDA866500F6FEA0 /* GameViewController.swift */,
				4C35ADF11CDA885A00F6FEA0 /* GameController.swift */,
			);
			name = Controllers;
			sourceTree = "<group>";
		};
		4C35ADF51CDA98B600F6FEA0 /* Views */ = {
			isa = PBXGroup;
			children = (
				4C35ADF61CDA98C800F6FEA0 /* TileView.swift */,
				4C44D1EB1CDF637B006A0E6D /* TargetView.swift */,
			);
			name = Views;
			sourceTree = "<group>";
		};
		4CC203E21CD7C64F0033FAA3 = {
			isa = PBXGroup;
			children = (
				4C35ADDF1CD91D9200F6FEA0 /* DataModel.xcdatamodeld */,
				4CC203ED1CD7C6500033FAA3 /* scrabble-game */,
				4CC203EC1CD7C64F0033FAA3 /* Products */,
			);
			sourceTree = "<group>";
		};
		4CC203EC1CD7C64F0033FAA3 /* Products */ = {
			isa = PBXGroup;
			children = (
				4CC203EB1CD7C64F0033FAA3 /* scrabble-game.app */,
			);
			name = Products;
			sourceTree = "<group>";
		};
		4CC203ED1CD7C6500033FAA3 /* scrabble-game */ = {
			isa = PBXGroup;
			children = (
				4C35ADE41CDA7FE200F6FEA0 /* Models */,
				4C35ADF51CDA98B600F6FEA0 /* Views */,
				4C35ADF01CDA884300F6FEA0 /* Controllers */,
				4C35ADEB1CDA825500F6FEA0 /* Levels */,
				4CC203EE1CD7C6500033FAA3 /* AppDelegate.swift */,
				4CC204001CD7C6810033FAA3 /* nounlist.txt */,
				4CC203F21CD7C6500033FAA3 /* Main.storyboard */,
				4CC203F51CD7C6500033FAA3 /* Assets.xcassets */,
				4CC203FA1CD7C6500033FAA3 /* Info.plist */,
				4C35ADF31CDA8BB900F6FEA0 /* Config.swift */,
				4C44D1E91CDF5DCA006A0E6D /* ColorExtension.swift */,
			);
			path = "scrabble-game";
			sourceTree = "<group>";
		};
/* End PBXGroup section */

/* Begin PBXNativeTarget section */
		4CC203EA1CD7C64F0033FAA3 /* scrabble-game */ = {
			isa = PBXNativeTarget;
			buildConfigurationList = 4CC203FD1CD7C6500033FAA3 /* Build configuration list for PBXNativeTarget "scrabble-game" */;
			buildPhases = (
				4CC203E71CD7C64F0033FAA3 /* Sources */,
				4CC203E81CD7C64F0033FAA3 /* Frameworks */,
				4CC203E91CD7C64F0033FAA3 /* Resources */,
			);
			buildRules = (
			);
			dependencies = (
			);
			name = "scrabble-game";
			productName = "scrabble-game";
			productReference = 4CC203EB1CD7C64F0033FAA3 /* scrabble-game.app */;
			productType = "com.apple.product-type.application";
		};
/* End PBXNativeTarget section */

/* Begin PBXProject section */
		4CC203E31CD7C64F0033FAA3 /* Project object */ = {
			isa = PBXProject;
			attributes = {
				LastSwiftUpdateCheck = 0730;
				LastUpgradeCheck = 0730;
				ORGANIZATIONNAME = "Martynas Jankauskas";
				TargetAttributes = {
					4CC203EA1CD7C64F0033FAA3 = {
						CreatedOnToolsVersion = 7.3;
						DevelopmentTeam = T4XGVMAC5E;
					};
				};
			};
			buildConfigurationList = 4CC203E61CD7C64F0033FAA3 /* Build configuration list for PBXProject "scrabble-game" */;
			compatibilityVersion = "Xcode 3.2";
			developmentRegion = English;
			hasScannedForEncodings = 0;
			knownRegions = (
				en,
				Base,
			);
			mainGroup = 4CC203E21CD7C64F0033FAA3;
			productRefGroup = 4CC203EC1CD7C64F0033FAA3 /* Products */;
			projectDirPath = "";
			projectRoot = "";
			targets = (
				4CC203EA1CD7C64F0033FAA3 /* scrabble-game */,
			);
		};
/* End PBXProject section */

/* Begin PBXResourcesBuildPhase section */
		4CC203E91CD7C64F0033FAA3 /* Resources */ = {
			isa = PBXResourcesBuildPhase;
			buildActionMask = 2147483647;
			files = (
				4C35ADE81CDA80D600F6FEA0 /* Level1.plist in Resources */,
				4CC203F61CD7C6500033FAA3 /* Assets.xcassets in Resources */,
				4CC204011CD7C6810033FAA3 /* nounlist.txt in Resources */,
				4CC203F41CD7C6500033FAA3 /* Main.storyboard in Resources */,
			);
			runOnlyForDeploymentPostprocessing = 0;
		};
/* End PBXResourcesBuildPhase section */

/* Begin PBXSourcesBuildPhase section */
		4CC203E71CD7C64F0033FAA3 /* Sources */ = {
			isa = PBXSourcesBuildPhase;
			buildActionMask = 2147483647;
			files = (
				4CC204031CD7E8530033FAA3 /* WelcomeScreenController.swift in Sources */,
				4C35ADE11CD91D9200F6FEA0 /* DataModel.xcdatamodeld in Sources */,
				4C35ADEA1CDA820F00F6FEA0 /* Level.swift in Sources */,
				4C44D1EC1CDF637B006A0E6D /* TargetView.swift in Sources */,
				4C44D1EA1CDF5DCA006A0E6D /* ColorExtension.swift in Sources */,
				4C35ADF71CDA98C800F6FEA0 /* TileView.swift in Sources */,
				4C35ADEF1CDA866500F6FEA0 /* GameViewController.swift in Sources */,
				4C35ADF41CDA8BB900F6FEA0 /* Config.swift in Sources */,
				4CC203EF1CD7C6500033FAA3 /* AppDelegate.swift in Sources */,
				4C35ADF21CDA885A00F6FEA0 /* GameController.swift in Sources */,
			);
			runOnlyForDeploymentPostprocessing = 0;
		};
/* End PBXSourcesBuildPhase section */

/* Begin PBXVariantGroup section */
		4CC203F21CD7C6500033FAA3 /* Main.storyboard */ = {
			isa = PBXVariantGroup;
			children = (
				4CC203F31CD7C6500033FAA3 /* Base */,
			);
			name = Main.storyboard;
			sourceTree = "<group>";
		};
/* End PBXVariantGroup section */

/* Begin XCBuildConfiguration section */
		4CC203FB1CD7C6500033FAA3 /* Debug */ = {
			isa = XCBuildConfiguration;
			buildSettings = {
				ALWAYS_SEARCH_USER_PATHS = NO;
				CLANG_ANALYZER_NONNULL = YES;
				CLANG_CXX_LANGUAGE_STANDARD = "gnu++0x";
				CLANG_CXX_LIBRARY = "libc++";
				CLANG_ENABLE_MODULES = YES;
				CLANG_ENABLE_OBJC_ARC = YES;
				CLANG_WARN_BOOL_CONVERSION = YES;
				CLANG_WARN_CONSTANT_CONVERSION = YES;
				CLANG_WARN_DIRECT_OBJC_ISA_USAGE = YES_ERROR;
				CLANG_WARN_EMPTY_BODY = YES;
				CLANG_WARN_ENUM_CONVERSION = YES;
				CLANG_WARN_INT_CONVERSION = YES;
				CLANG_WARN_OBJC_ROOT_CLASS = YES_ERROR;
				CLANG_WARN_UNREACHABLE_CODE = YES;
				CLANG_WARN__DUPLICATE_METHOD_MATCH = YES;
				"CODE_SIGN_IDENTITY[sdk=iphoneos*]" = "iPhone Developer";
				COPY_PHASE_STRIP = NO;
				DEBUG_INFORMATION_FORMAT = dwarf;
				ENABLE_STRICT_OBJC_MSGSEND = YES;
				ENABLE_TESTABILITY = YES;
				GCC_C_LANGUAGE_STANDARD = gnu99;
				GCC_DYNAMIC_NO_PIC = NO;
				GCC_NO_COMMON_BLOCKS = YES;
				GCC_OPTIMIZATION_LEVEL = 0;
				GCC_PREPROCESSOR_DEFINITIONS = (
					"DEBUG=1",
					"$(inherited)",
				);
				GCC_WARN_64_TO_32_BIT_CONVERSION = YES;
				GCC_WARN_ABOUT_RETURN_TYPE = YES_ERROR;
				GCC_WARN_UNDECLARED_SELECTOR = YES;
				GCC_WARN_UNINITIALIZED_AUTOS = YES_AGGRESSIVE;
				GCC_WARN_UNUSED_FUNCTION = YES;
				GCC_WARN_UNUSED_VARIABLE = YES;
				IPHONEOS_DEPLOYMENT_TARGET = 9.3;
				MTL_ENABLE_DEBUG_INFO = YES;
				ONLY_ACTIVE_ARCH = YES;
				SDKROOT = iphoneos;
				SWIFT_OPTIMIZATION_LEVEL = "-Onone";
			};
			name = Debug;
		};
		4CC203FC1CD7C6500033FAA3 /* Release */ = {
			isa = XCBuildConfiguration;
			buildSettings = {
				ALWAYS_SEARCH_USER_PATHS = NO;
				CLANG_ANALYZER_NONNULL = YES;
				CLANG_CXX_LANGUAGE_STANDARD = "gnu++0x";
				CLANG_CXX_LIBRARY = "libc++";
				CLANG_ENABLE_MODULES = YES;
				CLANG_ENABLE_OBJC_ARC = YES;
				CLANG_WARN_BOOL_CONVERSION = YES;
				CLANG_WARN_CONSTANT_CONVERSION = YES;
				CLANG_WARN_DIRECT_OBJC_ISA_USAGE = YES_ERROR;
				CLANG_WARN_EMPTY_BODY = YES;
				CLANG_WARN_ENUM_CONVERSION = YES;
				CLANG_WARN_INT_CONVERSION = YES;
				CLANG_WARN_OBJC_ROOT_CLASS = YES_ERROR;
				CLANG_WARN_UNREACHABLE_CODE = YES;
				CLANG_WARN__DUPLICATE_METHOD_MATCH = YES;
				"CODE_SIGN_IDENTITY[sdk=iphoneos*]" = "iPhone Developer";
				COPY_PHASE_STRIP = NO;
				DEBUG_INFORMATION_FORMAT = "dwarf-with-dsym";
				ENABLE_NS_ASSERTIONS = NO;
				ENABLE_STRICT_OBJC_MSGSEND = YES;
				GCC_C_LANGUAGE_STANDARD = gnu99;
				GCC_NO_COMMON_BLOCKS = YES;
				GCC_WARN_64_TO_32_BIT_CONVERSION = YES;
				GCC_WARN_ABOUT_RETURN_TYPE = YES_ERROR;
				GCC_WARN_UNDECLARED_SELECTOR = YES;
				GCC_WARN_UNINITIALIZED_AUTOS = YES_AGGRESSIVE;
				GCC_WARN_UNUSED_FUNCTION = YES;
				GCC_WARN_UNUSED_VARIABLE = YES;
				IPHONEOS_DEPLOYMENT_TARGET = 9.3;
				MTL_ENABLE_DEBUG_INFO = NO;
				SDKROOT = iphoneos;
				VALIDATE_PRODUCT = YES;
			};
			name = Release;
		};
		4CC203FE1CD7C6500033FAA3 /* Debug */ = {
			isa = XCBuildConfiguration;
			buildSettings = {
				ASSETCATALOG_COMPILER_APPICON_NAME = AppIcon;
				CODE_SIGN_IDENTITY = "iPhone Developer";
				INFOPLIST_FILE = "scrabble-game/Info.plist";
				LD_RUNPATH_SEARCH_PATHS = "$(inherited) @executable_path/Frameworks";
				PRODUCT_BUNDLE_IDENTIFIER = "dk.martynasj.scrabble-game";
				PRODUCT_NAME = "$(TARGET_NAME)";
			};
			name = Debug;
		};
		4CC203FF1CD7C6500033FAA3 /* Release */ = {
			isa = XCBuildConfiguration;
			buildSettings = {
				ASSETCATALOG_COMPILER_APPICON_NAME = AppIcon;
				CODE_SIGN_IDENTITY = "iPhone Developer";
				INFOPLIST_FILE = "scrabble-game/Info.plist";
				LD_RUNPATH_SEARCH_PATHS = "$(inherited) @executable_path/Frameworks";
				PRODUCT_BUNDLE_IDENTIFIER = "dk.martynasj.scrabble-game";
				PRODUCT_NAME = "$(TARGET_NAME)";
			};
			name = Release;
		};
/* End XCBuildConfiguration section */

/* Begin XCConfigurationList section */
		4CC203E61CD7C64F0033FAA3 /* Build configuration list for PBXProject "scrabble-game" */ = {
			isa = XCConfigurationList;
			buildConfigurations = (
				4CC203FB1CD7C6500033FAA3 /* Debug */,
				4CC203FC1CD7C6500033FAA3 /* Release */,
			);
			defaultConfigurationIsVisible = 0;
			defaultConfigurationName = Release;
		};
		4CC203FD1CD7C6500033FAA3 /* Build configuration list for PBXNativeTarget "scrabble-game" */ = {
			isa = XCConfigurationList;
			buildConfigurations = (
				4CC203FE1CD7C6500033FAA3 /* Debug */,
				4CC203FF1CD7C6500033FAA3 /* Release */,
			);
			defaultConfigurationIsVisible = 0;
			defaultConfigurationName = Release;
		};
/* End XCConfigurationList section */

/* Begin XCVersionGroup section */
		4C35ADDF1CD91D9200F6FEA0 /* DataModel.xcdatamodeld */ = {
			isa = XCVersionGroup;
			children = (
				4C35ADE01CD91D9200F6FEA0 /* DataModel.xcdatamodel */,
			);
			currentVersion = 4C35ADE01CD91D9200F6FEA0 /* DataModel.xcdatamodel */;
			path = DataModel.xcdatamodeld;
			sourceTree = "<group>";
			versionGroupType = wrapper.xcdatamodel;
		};
/* End XCVersionGroup section */
	};
	rootObject = 4CC203E31CD7C64F0033FAA3 /* Project object */;
}
